Microsoft Visual Studio Solution File, Format Version 12.00
# Visual Studio Version 17
VisualStudioVersion = 17.5.2.0
MinimumVisualStudioVersion = 10.0.40219.1
Project("{FAE04EC0-301F-11D3-BF4B-00C04F79EFBC}") = "fights", "fights.csproj", "{9EACAA28-04C5-2BA5-246E-C2F6490F7F1C}"
EndProject
Project("{2150E333-8FDC-42A3-9474-1A3956D46DE8}") = "Data", "Data", "{60167427-D657-4E80-96DD-6B2A3553D5CF}"
		ProjectSection(SolutionItems) = preProject
			Data\Armor.txt = Data\Armor.txt
			Data\Weapons.txt = Data\Weapons.txt
			Data\Blacksmith.txt = Data\Blacksmith.txt
			Data\Armorer.txt = Data\Armorer.txt
			Data\NewGame.txt = Data\NewGame.txt
			Data\Levels.txt = Data\Levels.txt
		EndProjectSection
	EndProject
Project("{2150E333-8FDC-42A3-9474-1A3956D46DE8}") = "Services", "Services", "{8AEC27C7-1E75-4C76-99AF-37840C1E39AB}"
	ProjectSection(SolutionItems) = preProject
		Services\ConsoleInputSelectionService.cs = Services\ConsoleInputSelectionService.cs
		Services\DataLoadingService.cs = Services\DataLoadingService.cs
		Services\IInputSelectionService.cs = Services\IInputSelectionService.cs
		Services\SaveGameService.cs = Services\SaveGameService.cs
	EndProjectSection
EndProject
Project("{2150E333-8FDC-42A3-9474-1A3956D46DE8}") = "Contracts", "Contracts", "{141DD4FA-6EFF-4B28-B5B9-1F176C736504}"
	ProjectSection(SolutionItems) = preProject
		Contracts\IArmor.cs = Contracts\IArmor.cs
		Contracts\IDamagePayload.cs = Contracts\IDamagePayload.cs
		Contracts\IFighter.cs = Contracts\IFighter.cs
		Contracts\ILevel.cs = Contracts\ILevel.cs
		Contracts\IWeapon.cs = Contracts\IWeapon.cs
	EndProjectSection
EndProject
Project("{2150E333-8FDC-42A3-9474-1A3956D46DE8}") = "Domain", "Domain", "{D6138EAA-68F4-4A0E-A237-47AADFAE74B4}"
	ProjectSection(SolutionItems) = preProject
		Domain\Armor.cs = Domain\Armor.cs
		Domain\Armorer.cs = Domain\Armorer.cs
		Domain\Blacksmith.cs = Domain\Blacksmith.cs
		Domain\Boss.cs = Domain\Boss.cs
		Domain\DamagePayload.cs = Domain\DamagePayload.cs
		Domain\Fight.cs = Domain\Fight.cs
		Domain\Fighter.cs = Domain\Fighter.cs
		Domain\HealersHut.cs = Domain\HealersHut.cs
		Domain\LevelContent.cs = Domain\LevelContent.cs
		Domain\LevelSetup.cs = Domain\LevelSetup.cs
		Domain\Player.cs = Domain\Player.cs
		Domain\SelfDamagingWeapon.cs = Domain\SelfDamagingWeapon.cs
		Domain\Town.cs = Domain\Town.cs
		Domain\Weapon.cs = Domain\Weapon.cs
	EndProjectSection
EndProject
Global
	GlobalSection(SolutionConfigurationPlatforms) = preSolution
		Debug|Any CPU = Debug|Any CPU
		Release|Any CPU = Release|Any CPU
	EndGlobalSection
	GlobalSection(ProjectConfigurationPlatforms) = postSolution
		{9EACAA28-04C5-2BA5-246E-C2F6490F7F1C}.Debug|Any CPU.ActiveCfg = Debug|Any CPU
		{9EACAA28-04C5-2BA5-246E-C2F6490F7F1C}.Debug|Any CPU.Build.0 = Debug|Any CPU
		{9EACAA28-04C5-2BA5-246E-C2F6490F7F1C}.Release|Any CPU.ActiveCfg = Release|Any CPU
		{9EACAA28-04C5-2BA5-246E-C2F6490F7F1C}.Release|Any CPU.Build.0 = Release|Any CPU
	EndGlobalSection
	GlobalSection(SolutionProperties) = preSolution
		HideSolutionNode = FALSE
	EndGlobalSection
	GlobalSection(ExtensibilityGlobals) = postSolution
		SolutionGuid = {8F9E3906-3557-4932-A8CB-4B542BFBEEBF}
	EndGlobalSection
EndGlobal
